
Microsoft Visual Studio Solution File, Format Version 12.00
# Visual Studio Version 17
VisualStudioVersion = 17.14.36511.14 d17.14
MinimumVisualStudioVersion = 10.0.40219.1
Project("{FAE04EC0-301F-11D3-BF4B-00C04F79EFBC}") = "AuthorizationService", "AuthorizationService\AuthorizationService.csproj", "{0E29B3CE-BA37-490D-A68E-7D7B836881B7}"
EndProject
Project("{FAE04EC0-301F-11D3-BF4B-00C04F79EFBC}") = "AuthorizationService.Core", "AuthorizationService.Core\AuthorizationService.Core.csproj", "{3AD7F850-C30D-4C7A-B759-D10844E566DB}"
EndProject
Project("{FAE04EC0-301F-11D3-BF4B-00C04F79EFBC}") = "AuthorizationService.DataAccess", "AuthorizationService.DataAccess\AuthorizationService.DataAccess.csproj", "{A4A21D1E-51F0-489E-B941-7633A90E8CB7}"
EndProject
Global
	GlobalSection(SolutionConfigurationPlatforms) = preSolution
		Debug|Any CPU = Debug|Any CPU
		Release|Any CPU = Release|Any CPU
	EndGlobalSection
	GlobalSection(ProjectConfigurationPlatforms) = postSolution
		{0E29B3CE-BA37-490D-A68E-7D7B836881B7}.Debug|Any CPU.ActiveCfg = Debug|Any CPU
		{0E29B3CE-BA37-490D-A68E-7D7B836881B7}.Debug|Any CPU.Build.0 = Debug|Any CPU
		{0E29B3CE-BA37-490D-A68E-7D7B836881B7}.Release|Any CPU.ActiveCfg = Release|Any CPU
		{0E29B3CE-BA37-490D-A68E-7D7B836881B7}.Release|Any CPU.Build.0 = Release|Any CPU
		{3AD7F850-C30D-4C7A-B759-D10844E566DB}.Debug|Any CPU.ActiveCfg = Debug|Any CPU
		{3AD7F850-C30D-4C7A-B759-D10844E566DB}.Debug|Any CPU.Build.0 = Debug|Any CPU
		{3AD7F850-C30D-4C7A-B759-D10844E566DB}.Release|Any CPU.ActiveCfg = Release|Any CPU
		{3AD7F850-C30D-4C7A-B759-D10844E566DB}.Release|Any CPU.Build.0 = Release|Any CPU
		{A4A21D1E-51F0-489E-B941-7633A90E8CB7}.Debug|Any CPU.ActiveCfg = Debug|Any CPU
		{A4A21D1E-51F0-489E-B941-7633A90E8CB7}.Debug|Any CPU.Build.0 = Debug|Any CPU
		{A4A21D1E-51F0-489E-B941-7633A90E8CB7}.Release|Any CPU.ActiveCfg = Release|Any CPU
		{A4A21D1E-51F0-489E-B941-7633A90E8CB7}.Release|Any CPU.Build.0 = Release|Any CPU
	EndGlobalSection
	GlobalSection(SolutionProperties) = preSolution
		HideSolutionNode = FALSE
	EndGlobalSection
	GlobalSection(ExtensibilityGlobals) = postSolution
		SolutionGuid = {9A430DE0-2C0A-46C7-A6A8-9C702E7D8945}
	EndGlobalSection
EndGlobal
