
Microsoft Visual Studio Solution File, Format Version 12.00
# Visual Studio Version 17
VisualStudioVersion = 17.14.36511.14 d17.14
MinimumVisualStudioVersion = 10.0.40219.1
Project("{FAE04EC0-301F-11D3-BF4B-00C04F79EFBC}") = "FavoriteService", "FavoriteService\FavoriteService.csproj", "{3498EC6F-CF6D-4B67-A581-36BBF6BE0A31}"
EndProject
Project("{FAE04EC0-301F-11D3-BF4B-00C04F79EFBC}") = "FavoriteService.Core", "FavoriteService.Core\FavoriteService.Core.csproj", "{A97F0C69-B84E-42AC-ADC7-279B11B848E3}"
EndProject
Project("{FAE04EC0-301F-11D3-BF4B-00C04F79EFBC}") = "FavoriteService.DataAccess", "FavoriteService.DataAccess\FavoriteService.DataAccess.csproj", "{29F3E39E-EE0F-404F-B025-178EAB319331}"
EndProject
Global
	GlobalSection(SolutionConfigurationPlatforms) = preSolution
		Debug|Any CPU = Debug|Any CPU
		Release|Any CPU = Release|Any CPU
	EndGlobalSection
	GlobalSection(ProjectConfigurationPlatforms) = postSolution
		{3498EC6F-CF6D-4B67-A581-36BBF6BE0A31}.Debug|Any CPU.ActiveCfg = Debug|Any CPU
		{3498EC6F-CF6D-4B67-A581-36BBF6BE0A31}.Debug|Any CPU.Build.0 = Debug|Any CPU
		{3498EC6F-CF6D-4B67-A581-36BBF6BE0A31}.Release|Any CPU.ActiveCfg = Release|Any CPU
		{3498EC6F-CF6D-4B67-A581-36BBF6BE0A31}.Release|Any CPU.Build.0 = Release|Any CPU
		{A97F0C69-B84E-42AC-ADC7-279B11B848E3}.Debug|Any CPU.ActiveCfg = Debug|Any CPU
		{A97F0C69-B84E-42AC-ADC7-279B11B848E3}.Debug|Any CPU.Build.0 = Debug|Any CPU
		{A97F0C69-B84E-42AC-ADC7-279B11B848E3}.Release|Any CPU.ActiveCfg = Release|Any CPU
		{A97F0C69-B84E-42AC-ADC7-279B11B848E3}.Release|Any CPU.Build.0 = Release|Any CPU
		{29F3E39E-EE0F-404F-B025-178EAB319331}.Debug|Any CPU.ActiveCfg = Debug|Any CPU
		{29F3E39E-EE0F-404F-B025-178EAB319331}.Debug|Any CPU.Build.0 = Debug|Any CPU
		{29F3E39E-EE0F-404F-B025-178EAB319331}.Release|Any CPU.ActiveCfg = Release|Any CPU
		{29F3E39E-EE0F-404F-B025-178EAB319331}.Release|Any CPU.Build.0 = Release|Any CPU
	EndGlobalSection
	GlobalSection(SolutionProperties) = preSolution
		HideSolutionNode = FALSE
	EndGlobalSection
	GlobalSection(ExtensibilityGlobals) = postSolution
		SolutionGuid = {75ED7951-7A7A-46B5-960E-A1FEA7C6F41A}
	EndGlobalSection
EndGlobal
