
Microsoft Visual Studio Solution File, Format Version 12.00
# Visual Studio Version 17
VisualStudioVersion = 17.14.36511.14 d17.14
MinimumVisualStudioVersion = 10.0.40219.1
Project("{FAE04EC0-301F-11D3-BF4B-00C04F79EFBC}") = "StorageService", "StorageService\StorageService.csproj", "{A681580F-8308-414D-9C4E-03D1F013BB4D}"
EndProject
Project("{FAE04EC0-301F-11D3-BF4B-00C04F79EFBC}") = "StorageService.Core", "StorageService.Core\StorageService.Core.csproj", "{0F04203C-4517-470D-8834-BD2CCC946EDD}"
EndProject
Project("{FAE04EC0-301F-11D3-BF4B-00C04F79EFBC}") = "StorageService.DataAccess", "StorageService.DataAccess\StorageService.DataAccess.csproj", "{DA7CA938-D97A-4916-AC65-AE28C4694EFA}"
EndProject
Global
	GlobalSection(SolutionConfigurationPlatforms) = preSolution
		Debug|Any CPU = Debug|Any CPU
		Release|Any CPU = Release|Any CPU
	EndGlobalSection
	GlobalSection(ProjectConfigurationPlatforms) = postSolution
		{A681580F-8308-414D-9C4E-03D1F013BB4D}.Debug|Any CPU.ActiveCfg = Debug|Any CPU
		{A681580F-8308-414D-9C4E-03D1F013BB4D}.Debug|Any CPU.Build.0 = Debug|Any CPU
		{A681580F-8308-414D-9C4E-03D1F013BB4D}.Release|Any CPU.ActiveCfg = Release|Any CPU
		{A681580F-8308-414D-9C4E-03D1F013BB4D}.Release|Any CPU.Build.0 = Release|Any CPU
		{0F04203C-4517-470D-8834-BD2CCC946EDD}.Debug|Any CPU.ActiveCfg = Debug|Any CPU
		{0F04203C-4517-470D-8834-BD2CCC946EDD}.Debug|Any CPU.Build.0 = Debug|Any CPU
		{0F04203C-4517-470D-8834-BD2CCC946EDD}.Release|Any CPU.ActiveCfg = Release|Any CPU
		{0F04203C-4517-470D-8834-BD2CCC946EDD}.Release|Any CPU.Build.0 = Release|Any CPU
		{DA7CA938-D97A-4916-AC65-AE28C4694EFA}.Debug|Any CPU.ActiveCfg = Debug|Any CPU
		{DA7CA938-D97A-4916-AC65-AE28C4694EFA}.Debug|Any CPU.Build.0 = Debug|Any CPU
		{DA7CA938-D97A-4916-AC65-AE28C4694EFA}.Release|Any CPU.ActiveCfg = Release|Any CPU
		{DA7CA938-D97A-4916-AC65-AE28C4694EFA}.Release|Any CPU.Build.0 = Release|Any CPU
	EndGlobalSection
	GlobalSection(SolutionProperties) = preSolution
		HideSolutionNode = FALSE
	EndGlobalSection
	GlobalSection(ExtensibilityGlobals) = postSolution
		SolutionGuid = {0C35760D-88E9-4A55-BEFC-B70B6AAD7FDE}
	EndGlobalSection
EndGlobal
